
Microsoft Visual Studio Solution File, Format Version 12.00
# Visual Studio Version 17
VisualStudioVersion = 17.4.33110.190
MinimumVisualStudioVersion = 10.0.40219.1
Project("{FAE04EC0-301F-11D3-BF4B-00C04F79EFBC}") = "HotelListing.API", "HotelListing.API\HotelListing.API.csproj", "{6A98C9DA-DDAA-4BBD-9003-74E6257DCB18}"
EndProject
Global
	GlobalSection(SolutionConfigurationPlatforms) = preSolution
		Debug|Any CPU = Debug|Any CPU
		Release|Any CPU = Release|Any CPU
	EndGlobalSection
	GlobalSection(ProjectConfigurationPlatforms) = postSolution
		{6A98C9DA-DDAA-4BBD-9003-74E6257DCB18}.Debug|Any CPU.ActiveCfg = Debug|Any CPU
		{6A98C9DA-DDAA-4BBD-9003-74E6257DCB18}.Debug|Any CPU.Build.0 = Debug|Any CPU
		{6A98C9DA-DDAA-4BBD-9003-74E6257DCB18}.Release|Any CPU.ActiveCfg = Release|Any CPU
		{6A98C9DA-DDAA-4BBD-9003-74E6257DCB18}.Release|Any CPU.Build.0 = Release|Any CPU
	EndGlobalSection
	GlobalSection(SolutionProperties) = preSolution
		HideSolutionNode = FALSE
	EndGlobalSection
	GlobalSection(ExtensibilityGlobals) = postSolution
		SolutionGuid = {2891DA70-F400-408A-A86C-F4E5ACC5C1B3}
	EndGlobalSection
EndGlobal
